// !$*UTF8*$!
{
	archiveVersion = 1;
	classes = {
	};
	objectVersion = 48;
	objects = {

/* Begin PBXBuildFile section */
		AB3D57092010FE8F0075255B /* CentralBluetoothClient.swift in Sources */ = {isa = PBXBuildFile; fileRef = AB3D57082010FE8F0075255B /* CentralBluetoothClient.swift */; };
		AB576888200E7C2000A04B20 /* main.swift in Sources */ = {isa = PBXBuildFile; fileRef = AB576887200E7C2000A04B20 /* main.swift */; };
		AB576891200E7C9600A04B20 /* SensorDriverServer.swift in Sources */ = {isa = PBXBuildFile; fileRef = AB576890200E7C9600A04B20 /* SensorDriverServer.swift */; };
		ABDE2E5A201EC4A700CB0FFB /* GetCommand.swift in Sources */ = {isa = PBXBuildFile; fileRef = ABDE2E59201EC4A700CB0FFB /* GetCommand.swift */; };
		ABDE2E5B201EC74C00CB0FFB /* GetCommand.swift in Sources */ = {isa = PBXBuildFile; fileRef = ABDE2E59201EC4A700CB0FFB /* GetCommand.swift */; };
		ABDE2E5D20202F0F00CB0FFB /* CopterStateServer.swift in Sources */ = {isa = PBXBuildFile; fileRef = ABDE2E5C20202F0F00CB0FFB /* CopterStateServer.swift */; };
		ABDE2E5E202036EF00CB0FFB /* CopterStateServer.swift in Sources */ = {isa = PBXBuildFile; fileRef = ABDE2E5C20202F0F00CB0FFB /* CopterStateServer.swift */; };
		ABDE2E6020203BEA00CB0FFB /* PutCommand.swift in Sources */ = {isa = PBXBuildFile; fileRef = ABDE2E5F20203BEA00CB0FFB /* PutCommand.swift */; };
		ABDE2E6120203BEA00CB0FFB /* PutCommand.swift in Sources */ = {isa = PBXBuildFile; fileRef = ABDE2E5F20203BEA00CB0FFB /* PutCommand.swift */; };
		ABDE2E632020536B00CB0FFB /* AlternateCommand.swift in Sources */ = {isa = PBXBuildFile; fileRef = ABDE2E622020536B00CB0FFB /* AlternateCommand.swift */; };
		ABDE2E642020536B00CB0FFB /* AlternateCommand.swift in Sources */ = {isa = PBXBuildFile; fileRef = ABDE2E622020536B00CB0FFB /* AlternateCommand.swift */; };
		ABF133F2201286DD00B40573 /* SensorDriverServerTests.swift in Sources */ = {isa = PBXBuildFile; fileRef = ABF133F1201286DD00B40573 /* SensorDriverServerTests.swift */; };
		ABF133F32012875D00B40573 /* SensorDriverServer.swift in Sources */ = {isa = PBXBuildFile; fileRef = AB576890200E7C9600A04B20 /* SensorDriverServer.swift */; };
		ABFFCE8D201273D200C522B3 /* BluetoothTests.swift in Sources */ = {isa = PBXBuildFile; fileRef = AB6054AD20127134008B2EE0 /* BluetoothTests.swift */; };
		ABFFCE902012743100C522B3 /* CentralBluetoothClient.swift in Sources */ = {isa = PBXBuildFile; fileRef = AB3D57082010FE8F0075255B /* CentralBluetoothClient.swift */; };
/* End PBXBuildFile section */

/* Begin PBXContainerItemProxy section */
		ABFFCE8E2012742400C522B3 /* PBXContainerItemProxy */ = {
			isa = PBXContainerItemProxy;
			containerPortal = AB57687C200E7C2000A04B20 /* Project object */;
			proxyType = 1;
			remoteGlobalIDString = AB576883200E7C2000A04B20;
			remoteInfo = BreakThePony;
		};
/* End PBXContainerItemProxy section */

/* Begin PBXCopyFilesBuildPhase section */
		AB576882200E7C2000A04B20 /* CopyFiles */ = {
			isa = PBXCopyFilesBuildPhase;
			buildActionMask = 2147483647;
			dstPath = /usr/share/man/man1/;
			dstSubfolderSpec = 0;
			files = (
			);
			runOnlyForDeploymentPostprocessing = 1;
		};
/* End PBXCopyFilesBuildPhase section */

/* Begin PBXFileReference section */
		AB3D57082010FE8F0075255B /* CentralBluetoothClient.swift */ = {isa = PBXFileReference; fileEncoding = 4; lastKnownFileType = sourcecode.swift; path = CentralBluetoothClient.swift; sourceTree = "<group>"; };
		AB4C50FA20126C9000DBF37F /* BreakThePonyTests.xctest */ = {isa = PBXFileReference; explicitFileType = wrapper.cfbundle; includeInIndex = 0; path = BreakThePonyTests.xctest; sourceTree = BUILT_PRODUCTS_DIR; };
		AB576884200E7C2000A04B20 /* BreakThePony */ = {isa = PBXFileReference; explicitFileType = "compiled.mach-o.executable"; includeInIndex = 0; path = BreakThePony; sourceTree = BUILT_PRODUCTS_DIR; };
		AB576887200E7C2000A04B20 /* main.swift */ = {isa = PBXFileReference; lastKnownFileType = sourcecode.swift; path = main.swift; sourceTree = "<group>"; };
		AB576890200E7C9600A04B20 /* SensorDriverServer.swift */ = {isa = PBXFileReference; fileEncoding = 4; lastKnownFileType = sourcecode.swift; path = SensorDriverServer.swift; sourceTree = "<group>"; };
		AB6054AC20127133008B2EE0 /* Info.plist */ = {isa = PBXFileReference; fileEncoding = 4; lastKnownFileType = text.plist.xml; path = Info.plist; sourceTree = "<group>"; };
		AB6054AD20127134008B2EE0 /* BluetoothTests.swift */ = {isa = PBXFileReference; fileEncoding = 4; lastKnownFileType = sourcecode.swift; path = BluetoothTests.swift; sourceTree = "<group>"; };
		ABDE2E59201EC4A700CB0FFB /* GetCommand.swift */ = {isa = PBXFileReference; lastKnownFileType = sourcecode.swift; path = GetCommand.swift; sourceTree = "<group>"; };
		ABDE2E5C20202F0F00CB0FFB /* CopterStateServer.swift */ = {isa = PBXFileReference; lastKnownFileType = sourcecode.swift; path = CopterStateServer.swift; sourceTree = "<group>"; };
		ABDE2E5F20203BEA00CB0FFB /* PutCommand.swift */ = {isa = PBXFileReference; lastKnownFileType = sourcecode.swift; path = PutCommand.swift; sourceTree = "<group>"; };
		ABDE2E622020536B00CB0FFB /* AlternateCommand.swift */ = {isa = PBXFileReference; lastKnownFileType = sourcecode.swift; path = AlternateCommand.swift; sourceTree = "<group>"; };
		ABF133F1201286DD00B40573 /* SensorDriverServerTests.swift */ = {isa = PBXFileReference; lastKnownFileType = sourcecode.swift; path = SensorDriverServerTests.swift; sourceTree = "<group>"; };
		ABFFCE962012753A00C522B3 /* BreakThePonyTests-Bridging-Header.h */ = {isa = PBXFileReference; fileEncoding = 4; lastKnownFileType = sourcecode.c.h; path = "BreakThePonyTests-Bridging-Header.h"; sourceTree = "<group>"; };
/* End PBXFileReference section */

/* Begin PBXFrameworksBuildPhase section */
		AB4C50F720126C9000DBF37F /* Frameworks */ = {
			isa = PBXFrameworksBuildPhase;
			buildActionMask = 2147483647;
			files = (
			);
			runOnlyForDeploymentPostprocessing = 0;
		};
		AB576881200E7C2000A04B20 /* Frameworks */ = {
			isa = PBXFrameworksBuildPhase;
			buildActionMask = 2147483647;
			files = (
			);
			runOnlyForDeploymentPostprocessing = 0;
		};
/* End PBXFrameworksBuildPhase section */

/* Begin PBXGroup section */
		AB57687B200E7C2000A04B20 = {
			isa = PBXGroup;
			children = (
				AB6054AA20127102008B2EE0 /* BreakThePonyTests */,
				AB576886200E7C2000A04B20 /* BreakThePony */,
				AB576885200E7C2000A04B20 /* Products */,
			);
			sourceTree = "<group>";
		};
		AB576885200E7C2000A04B20 /* Products */ = {
			isa = PBXGroup;
			children = (
				AB576884200E7C2000A04B20 /* BreakThePony */,
				AB4C50FA20126C9000DBF37F /* BreakThePonyTests.xctest */,
			);
			name = Products;
			sourceTree = "<group>";
		};
		AB576886200E7C2000A04B20 /* BreakThePony */ = {
			isa = PBXGroup;
			children = (
				AB57688F200E7C6200A04B20 /* network */,
				AB57688E200E7C3A00A04B20 /* bluetooth */,
				AB576887200E7C2000A04B20 /* main.swift */,
				ABDE2E5C20202F0F00CB0FFB /* CopterStateServer.swift */,
			);
			path = BreakThePony;
			sourceTree = "<group>";
		};
		AB57688E200E7C3A00A04B20 /* bluetooth */ = {
			isa = PBXGroup;
			children = (
				AB3D57082010FE8F0075255B /* CentralBluetoothClient.swift */,
			);
			path = bluetooth;
			sourceTree = "<group>";
		};
		AB57688F200E7C6200A04B20 /* network */ = {
			isa = PBXGroup;
			children = (
				AB576890200E7C9600A04B20 /* SensorDriverServer.swift */,
				ABDE2E59201EC4A700CB0FFB /* GetCommand.swift */,
				ABDE2E5F20203BEA00CB0FFB /* PutCommand.swift */,
				ABDE2E622020536B00CB0FFB /* AlternateCommand.swift */,
			);
			path = network;
			sourceTree = "<group>";
		};
		AB6054AA20127102008B2EE0 /* BreakThePonyTests */ = {
			isa = PBXGroup;
			children = (
				ABF133F1201286DD00B40573 /* SensorDriverServerTests.swift */,
				ABFFCE962012753A00C522B3 /* BreakThePonyTests-Bridging-Header.h */,
				AB6054AD20127134008B2EE0 /* BluetoothTests.swift */,
				AB6054AC20127133008B2EE0 /* Info.plist */,
			);
			path = BreakThePonyTests;
			sourceTree = "<group>";
		};
/* End PBXGroup section */

/* Begin PBXNativeTarget section */
		AB4C50F920126C9000DBF37F /* BreakThePonyTests */ = {
			isa = PBXNativeTarget;
			buildConfigurationList = AB4C50FF20126C9000DBF37F /* Build configuration list for PBXNativeTarget "BreakThePonyTests" */;
			buildPhases = (
				AB4C50F620126C9000DBF37F /* Sources */,
				AB4C50F720126C9000DBF37F /* Frameworks */,
				AB4C50F820126C9000DBF37F /* Resources */,
			);
			buildRules = (
			);
			dependencies = (
				ABFFCE8F2012742400C522B3 /* PBXTargetDependency */,
			);
			name = BreakThePonyTests;
			productName = BreakThePonyTests;
			productReference = AB4C50FA20126C9000DBF37F /* BreakThePonyTests.xctest */;
			productType = "com.apple.product-type.bundle.unit-test";
		};
		AB576883200E7C2000A04B20 /* BreakThePony */ = {
			isa = PBXNativeTarget;
			buildConfigurationList = AB57688B200E7C2000A04B20 /* Build configuration list for PBXNativeTarget "BreakThePony" */;
			buildPhases = (
				AB576880200E7C2000A04B20 /* Sources */,
				AB576881200E7C2000A04B20 /* Frameworks */,
				AB576882200E7C2000A04B20 /* CopyFiles */,
			);
			buildRules = (
			);
			dependencies = (
			);
			name = BreakThePony;
			productName = BreakThePony;
			productReference = AB576884200E7C2000A04B20 /* BreakThePony */;
			productType = "com.apple.product-type.tool";
		};
/* End PBXNativeTarget section */

/* Begin PBXProject section */
		AB57687C200E7C2000A04B20 /* Project object */ = {
			isa = PBXProject;
			attributes = {
				LastSwiftUpdateCheck = 0920;
				LastUpgradeCheck = 0920;
				ORGANIZATIONNAME = "Jonathan Bredin";
				TargetAttributes = {
					AB4C50F920126C9000DBF37F = {
						CreatedOnToolsVersion = 9.2;
						LastSwiftMigration = 0920;
						ProvisioningStyle = Automatic;
					};
					AB576883200E7C2000A04B20 = {
						CreatedOnToolsVersion = 9.2;
						ProvisioningStyle = Automatic;
					};
				};
			};
			buildConfigurationList = AB57687F200E7C2000A04B20 /* Build configuration list for PBXProject "BreakThePony" */;
			compatibilityVersion = "Xcode 8.0";
			developmentRegion = en;
			hasScannedForEncodings = 0;
			knownRegions = (
				en,
			);
			mainGroup = AB57687B200E7C2000A04B20;
			productRefGroup = AB576885200E7C2000A04B20 /* Products */;
			projectDirPath = "";
			projectRoot = "";
			targets = (
				AB576883200E7C2000A04B20 /* BreakThePony */,
				AB4C50F920126C9000DBF37F /* BreakThePonyTests */,
			);
		};
/* End PBXProject section */

/* Begin PBXResourcesBuildPhase section */
		AB4C50F820126C9000DBF37F /* Resources */ = {
			isa = PBXResourcesBuildPhase;
			buildActionMask = 2147483647;
			files = (
			);
			runOnlyForDeploymentPostprocessing = 0;
		};
/* End PBXResourcesBuildPhase section */

/* Begin PBXSourcesBuildPhase section */
		AB4C50F620126C9000DBF37F /* Sources */ = {
			isa = PBXSourcesBuildPhase;
			buildActionMask = 2147483647;
			files = (
				ABF133F32012875D00B40573 /* SensorDriverServer.swift in Sources */,
				ABDE2E642020536B00CB0FFB /* AlternateCommand.swift in Sources */,
				ABFFCE902012743100C522B3 /* CentralBluetoothClient.swift in Sources */,
				ABDE2E6120203BEA00CB0FFB /* PutCommand.swift in Sources */,
				ABF133F2201286DD00B40573 /* SensorDriverServerTests.swift in Sources */,
				ABDE2E5E202036EF00CB0FFB /* CopterStateServer.swift in Sources */,
				ABDE2E5B201EC74C00CB0FFB /* GetCommand.swift in Sources */,
				ABFFCE8D201273D200C522B3 /* BluetoothTests.swift in Sources */,
			);
			runOnlyForDeploymentPostprocessing = 0;
		};
		AB576880200E7C2000A04B20 /* Sources */ = {
			isa = PBXSourcesBuildPhase;
			buildActionMask = 2147483647;
			files = (
				AB576891200E7C9600A04B20 /* SensorDriverServer.swift in Sources */,
				AB3D57092010FE8F0075255B /* CentralBluetoothClient.swift in Sources */,
				ABDE2E5A201EC4A700CB0FFB /* GetCommand.swift in Sources */,
				ABDE2E632020536B00CB0FFB /* AlternateCommand.swift in Sources */,
				ABDE2E6020203BEA00CB0FFB /* PutCommand.swift in Sources */,
				AB576888200E7C2000A04B20 /* main.swift in Sources */,
				ABDE2E5D20202F0F00CB0FFB /* CopterStateServer.swift in Sources */,
			);
			runOnlyForDeploymentPostprocessing = 0;
		};
/* End PBXSourcesBuildPhase section */

/* Begin PBXTargetDependency section */
		ABFFCE8F2012742400C522B3 /* PBXTargetDependency */ = {
			isa = PBXTargetDependency;
			target = AB576883200E7C2000A04B20 /* BreakThePony */;
			targetProxy = ABFFCE8E2012742400C522B3 /* PBXContainerItemProxy */;
		};
/* End PBXTargetDependency section */

/* Begin XCBuildConfiguration section */
		AB4C510020126C9000DBF37F /* Debug */ = {
			isa = XCBuildConfiguration;
			buildSettings = {
				CLANG_ENABLE_MODULES = YES;
				CODE_SIGN_STYLE = Automatic;
				COMBINE_HIDPI_IMAGES = YES;
				INFOPLIST_FILE = BreakThePonyTests/Info.plist;
				LD_RUNPATH_SEARCH_PATHS = "$(inherited) @executable_path/../Frameworks @loader_path/../Frameworks";
				PRODUCT_BUNDLE_IDENTIFIER = org.bredin.BreakThePonyTests;
				PRODUCT_NAME = "$(TARGET_NAME)";
				SWIFT_OBJC_BRIDGING_HEADER = "BreakThePonyTests/BreakThePonyTests-Bridging-Header.h";
				SWIFT_OPTIMIZATION_LEVEL = "-Onone";
				SWIFT_VERSION = 4.0;
			};
			name = Debug;
		};
		AB4C510120126C9000DBF37F /* Release */ = {
			isa = XCBuildConfiguration;
			buildSettings = {
				CLANG_ENABLE_MODULES = YES;
				CODE_SIGN_STYLE = Automatic;
				COMBINE_HIDPI_IMAGES = YES;
				INFOPLIST_FILE = BreakThePonyTests/Info.plist;
				LD_RUNPATH_SEARCH_PATHS = "$(inherited) @executable_path/../Frameworks @loader_path/../Frameworks";
				PRODUCT_BUNDLE_IDENTIFIER = org.bredin.BreakThePonyTests;
				PRODUCT_NAME = "$(TARGET_NAME)";
				SWIFT_OBJC_BRIDGING_HEADER = "BreakThePonyTests/BreakThePonyTests-Bridging-Header.h";
				SWIFT_VERSION = 4.0;
			};
			name = Release;
		};
		AB576889200E7C2000A04B20 /* Debug */ = {
			isa = XCBuildConfiguration;
			buildSettings = {
				ALWAYS_SEARCH_USER_PATHS = NO;
				CLANG_ANALYZER_NONNULL = YES;
				CLANG_ANALYZER_NUMBER_OBJECT_CONVERSION = YES_AGGRESSIVE;
				CLANG_CXX_LANGUAGE_STANDARD = "gnu++14";
				CLANG_CXX_LIBRARY = "libc++";
				CLANG_ENABLE_MODULES = YES;
				CLANG_ENABLE_OBJC_ARC = YES;
				CLANG_WARN_BLOCK_CAPTURE_AUTORELEASING = YES;
				CLANG_WARN_BOOL_CONVERSION = YES;
				CLANG_WARN_COMMA = YES;
				CLANG_WARN_CONSTANT_CONVERSION = YES;
				CLANG_WARN_DIRECT_OBJC_ISA_USAGE = YES_ERROR;
				CLANG_WARN_DOCUMENTATION_COMMENTS = YES;
				CLANG_WARN_EMPTY_BODY = YES;
				CLANG_WARN_ENUM_CONVERSION = YES;
				CLANG_WARN_INFINITE_RECURSION = YES;
				CLANG_WARN_INT_CONVERSION = YES;
				CLANG_WARN_NON_LITERAL_NULL_CONVERSION = YES;
				CLANG_WARN_OBJC_LITERAL_CONVERSION = YES;
				CLANG_WARN_OBJC_ROOT_CLASS = YES_ERROR;
				CLANG_WARN_RANGE_LOOP_ANALYSIS = YES;
				CLANG_WARN_STRICT_PROTOTYPES = YES;
				CLANG_WARN_SUSPICIOUS_MOVE = YES;
				CLANG_WARN_UNGUARDED_AVAILABILITY = YES_AGGRESSIVE;
				CLANG_WARN_UNREACHABLE_CODE = YES;
				CLANG_WARN__DUPLICATE_METHOD_MATCH = YES;
				CODE_SIGN_IDENTITY = "-";
				COPY_PHASE_STRIP = NO;
				DEBUG_INFORMATION_FORMAT = dwarf;
				ENABLE_STRICT_OBJC_MSGSEND = YES;
				ENABLE_TESTABILITY = YES;
				GCC_C_LANGUAGE_STANDARD = gnu11;
				GCC_DYNAMIC_NO_PIC = NO;
				GCC_NO_COMMON_BLOCKS = YES;
				GCC_OPTIMIZATION_LEVEL = 0;
				GCC_PREPROCESSOR_DEFINITIONS = (
					"DEBUG=1",
					"$(inherited)",
				);
				GCC_WARN_64_TO_32_BIT_CONVERSION = YES;
				GCC_WARN_ABOUT_RETURN_TYPE = YES_ERROR;
				GCC_WARN_UNDECLARED_SELECTOR = YES;
				GCC_WARN_UNINITIALIZED_AUTOS = YES_AGGRESSIVE;
				GCC_WARN_UNUSED_FUNCTION = YES;
				GCC_WARN_UNUSED_VARIABLE = YES;
				MACOSX_DEPLOYMENT_TARGET = 10.13;
				MTL_ENABLE_DEBUG_INFO = YES;
				ONLY_ACTIVE_ARCH = YES;
				SDKROOT = macosx;
				SWIFT_ACTIVE_COMPILATION_CONDITIONS = DEBUG;
				SWIFT_OPTIMIZATION_LEVEL = "-Onone";
			};
			name = Debug;
		};
		AB57688A200E7C2000A04B20 /* Release */ = {
			isa = XCBuildConfiguration;
			buildSettings = {
				ALWAYS_SEARCH_USER_PATHS = NO;
				CLANG_ANALYZER_NONNULL = YES;
				CLANG_ANALYZER_NUMBER_OBJECT_CONVERSION = YES_AGGRESSIVE;
				CLANG_CXX_LANGUAGE_STANDARD = "gnu++14";
				CLANG_CXX_LIBRARY = "libc++";
				CLANG_ENABLE_MODULES = YES;
				CLANG_ENABLE_OBJC_ARC = YES;
				CLANG_WARN_BLOCK_CAPTURE_AUTORELEASING = YES;
				CLANG_WARN_BOOL_CONVERSION = YES;
				CLANG_WARN_COMMA = YES;
				CLANG_WARN_CONSTANT_CONVERSION = YES;
				CLANG_WARN_DIRECT_OBJC_ISA_USAGE = YES_ERROR;
				CLANG_WARN_DOCUMENTATION_COMMENTS = YES;
				CLANG_WARN_EMPTY_BODY = YES;
				CLANG_WARN_ENUM_CONVERSION = YES;
				CLANG_WARN_INFINITE_RECURSION = YES;
				CLANG_WARN_INT_CONVERSION = YES;
				CLANG_WARN_NON_LITERAL_NULL_CONVERSION = YES;
				CLANG_WARN_OBJC_LITERAL_CONVERSION = YES;
				CLANG_WARN_OBJC_ROOT_CLASS = YES_ERROR;
				CLANG_WARN_RANGE_LOOP_ANALYSIS = YES;
				CLANG_WARN_STRICT_PROTOTYPES = YES;
				CLANG_WARN_SUSPICIOUS_MOVE = YES;
				CLANG_WARN_UNGUARDED_AVAILABILITY = YES_AGGRESSIVE;
				CLANG_WARN_UNREACHABLE_CODE = YES;
				CLANG_WARN__DUPLICATE_METHOD_MATCH = YES;
				CODE_SIGN_IDENTITY = "-";
				COPY_PHASE_STRIP = NO;
				DEBUG_INFORMATION_FORMAT = "dwarf-with-dsym";
				ENABLE_NS_ASSERTIONS = NO;
				ENABLE_STRICT_OBJC_MSGSEND = YES;
				GCC_C_LANGUAGE_STANDARD = gnu11;
				GCC_NO_COMMON_BLOCKS = YES;
				GCC_WARN_64_TO_32_BIT_CONVERSION = YES;
				GCC_WARN_ABOUT_RETURN_TYPE = YES_ERROR;
				GCC_WARN_UNDECLARED_SELECTOR = YES;
				GCC_WARN_UNINITIALIZED_AUTOS = YES_AGGRESSIVE;
				GCC_WARN_UNUSED_FUNCTION = YES;
				GCC_WARN_UNUSED_VARIABLE = YES;
				MACOSX_DEPLOYMENT_TARGET = 10.13;
				MTL_ENABLE_DEBUG_INFO = NO;
				SDKROOT = macosx;
				SWIFT_OPTIMIZATION_LEVEL = "-Owholemodule";
			};
			name = Release;
		};
		AB57688C200E7C2000A04B20 /* Debug */ = {
			isa = XCBuildConfiguration;
			buildSettings = {
				CODE_SIGN_STYLE = Automatic;
				PRODUCT_NAME = "$(TARGET_NAME)";
				SWIFT_VERSION = 4.0;
			};
			name = Debug;
		};
		AB57688D200E7C2000A04B20 /* Release */ = {
			isa = XCBuildConfiguration;
			buildSettings = {
				CODE_SIGN_STYLE = Automatic;
				PRODUCT_NAME = "$(TARGET_NAME)";
				SWIFT_VERSION = 4.0;
			};
			name = Release;
		};
/* End XCBuildConfiguration section */

/* Begin XCConfigurationList section */
		AB4C50FF20126C9000DBF37F /* Build configuration list for PBXNativeTarget "BreakThePonyTests" */ = {
			isa = XCConfigurationList;
			buildConfigurations = (
				AB4C510020126C9000DBF37F /* Debug */,
				AB4C510120126C9000DBF37F /* Release */,
			);
			defaultConfigurationIsVisible = 0;
			defaultConfigurationName = Release;
		};
		AB57687F200E7C2000A04B20 /* Build configuration list for PBXProject "BreakThePony" */ = {
			isa = XCConfigurationList;
			buildConfigurations = (
				AB576889200E7C2000A04B20 /* Debug */,
				AB57688A200E7C2000A04B20 /* Release */,
			);
			defaultConfigurationIsVisible = 0;
			defaultConfigurationName = Release;
		};
		AB57688B200E7C2000A04B20 /* Build configuration list for PBXNativeTarget "BreakThePony" */ = {
			isa = XCConfigurationList;
			buildConfigurations = (
				AB57688C200E7C2000A04B20 /* Debug */,
				AB57688D200E7C2000A04B20 /* Release */,
			);
			defaultConfigurationIsVisible = 0;
			defaultConfigurationName = Release;
		};
/* End XCConfigurationList section */
	};
	rootObject = AB57687C200E7C2000A04B20 /* Project object */;
}
